# This file is automatically @generated by Wally.
# It is not intended for manual editing.
registry = "test"

[[package]]
name = "centau/vide"
version = "0.3.1"
dependencies = []

[[package]]
name = "evaera/promise"
version = "4.0.0"
dependencies = []

[[package]]
name = "littensy/charm"
version = "0.8.1"
dependencies = []

[[package]]
name = "littensy/charm-sync"
version = "0.1.1"
dependencies = [["Charm", "littensy/charm@0.8.1"]]

[[package]]
name = "littensy/remo"
version = "1.5.0"
dependencies = [["Promise", "evaera/promise@4.0.0"]]

[[package]]
name = "nezuo/lapis"
version = "0.3.3"
dependencies = [["Promise", "evaera/promise@4.0.0"]]

[[package]]
name = "ryan/template"
version = "0.1.0"
dependencies = [["charm", "littensy/charm@0.8.1"], ["charm_sync", "littensy/charm-sync@0.1.1"], ["lapis", "nezuo/lapis@0.3.3"], ["remo", "littensy/remo@1.5.0"], ["vide", "centau/vide@0.3.1"]]
